
Microsoft Visual Studio Solution File, Format Version 12.00
# Visual Studio Version 16
VisualStudioVersion = 16.0.29709.97
MinimumVisualStudioVersion = 10.0.40219.1
Project("{FAE04EC0-301F-11D3-BF4B-00C04F79EFBC}") = "HWPhotoExtract", "HWPhotoExtract.csproj", "{35B7A17E-0A7A-479B-BF8B-812F270FBF62}"
EndProject
Global
	GlobalSection(SolutionConfigurationPlatforms) = preSolution
		Debug|Any CPU = Debug|Any CPU
		Release|Any CPU = Release|Any CPU
	EndGlobalSection
	GlobalSection(ProjectConfigurationPlatforms) = postSolution
		{35B7A17E-0A7A-479B-BF8B-812F270FBF62}.Debug|Any CPU.ActiveCfg = Debug|Any CPU
		{35B7A17E-0A7A-479B-BF8B-812F270FBF62}.Debug|Any CPU.Build.0 = Debug|Any CPU
		{35B7A17E-0A7A-479B-BF8B-812F270FBF62}.Release|Any CPU.ActiveCfg = Release|Any CPU
		{35B7A17E-0A7A-479B-BF8B-812F270FBF62}.Release|Any CPU.Build.0 = Release|Any CPU
	EndGlobalSection
	GlobalSection(SolutionProperties) = preSolution
		HideSolutionNode = FALSE
	EndGlobalSection
	GlobalSection(ExtensibilityGlobals) = postSolution
		SolutionGuid = {D95F447C-7445-4359-B803-431B3DB71F63}
	EndGlobalSection
EndGlobal
